{
  "name": "evently-project",
  "lockfileVersion": 3,
  "requires": true,
  "packages": {
    "": {
      "dependencies": {
        "date-fns": "^4.1.0",
        "framer-motion": "^12.23.22",
        "rc-slider": "^11.1.9",
        "react": "^19.2.0",
        "react-day-picker": "^9.11.0",
        "react-dom": "^19.2.0"
      }
    },
    "node_modules/@babel/runtime": {
      "version": "7.28.4",
      "resolved": "https://registry.npmjs.org/@babel/runtime/-/runtime-7.28.4.tgz",
      "integrity": "sha512-Q/N6JNWvIvPnLDvjlE1OUBLPQHH6l3CltCEsHIujp45zQUSSh8K+gHnaEX45yAT1nyngnINhvWtzN+Nb9D8RAQ==",
      "license": "MIT",
      "engines": {
        "node": ">=6.9.0"
      }
    },
    "node_modules/@date-fns/tz": {
      "version": "1.4.1",
      "resolved": "https://registry.npmjs.org/@date-fns/tz/-/tz-1.4.1.tgz",
      "integrity": "sha512-P5LUNhtbj6YfI3iJjw5EL9eUAG6OitD0W3fWQcpQjDRc/QIsL0tRNuO1PcDvPccWL1fSTXXdE1ds+l95DV/OFA==",
      "license": "MIT"
    },
    "node_modules/classnames": {
      "version": "2.5.1",
      "resolved": "https://registry.npmjs.org/classnames/-/classnames-2.5.1.tgz",
      "integrity": "sha512-saHYOzhIQs6wy2sVxTM6bUDsQO4F50V9RQ22qBpEdCW+I+/Wmke2HOl6lS6dTpdxVhb88/I6+Hs+438c3lfUow==",
      "license": "MIT"
    },
    "node_modules/date-fns": {
      "version": "4.1.0",
      "resolved": "https://registry.npmjs.org/date-fns/-/date-fns-4.1.0.tgz",
      "integrity": "sha512-Ukq0owbQXxa/U3EGtsdVBkR1w7KOQ5gIBqdH2hkvknzZPYvBxb/aa6E8L7tmjFtkwZBu3UXBbjIgPo/Ez4xaNg==",
      "license": "MIT",
      "funding": {
        "type": "github",
        "url": "https://github.com/sponsors/kossnocorp"
      }
    },
    "node_modules/date-fns-jalali": {
      "version": "4.1.0-0",
      "resolved": "https://registry.npmjs.org/date-fns-jalali/-/date-fns-jalali-4.1.0-0.tgz",
      "integrity": "sha512-hTIP/z+t+qKwBDcmmsnmjWTduxCg+5KfdqWQvb2X/8C9+knYY6epN/pfxdDuyVlSVeFz0sM5eEfwIUQ70U4ckg==",
      "license": "MIT"
    },
    "node_modules/framer-motion": {
      "version": "12.23.22",
      "resolved": "https://registry.npmjs.org/framer-motion/-/framer-motion-12.23.22.tgz",
      "integrity": "sha512-ZgGvdxXCw55ZYvhoZChTlG6pUuehecgvEAJz0BHoC5pQKW1EC5xf1Mul1ej5+ai+pVY0pylyFfdl45qnM1/GsA==",
      "license": "MIT",
      "dependencies": {
        "motion-dom": "^12.23.21",
        "motion-utils": "^12.23.6",
        "tslib": "^2.4.0"
      },
      "peerDependencies": {
        "@emotion/is-prop-valid": "*",
        "react": "^18.0.0 || ^19.0.0",
        "react-dom": "^18.0.0 || ^19.0.0"
      },
      "peerDependenciesMeta": {
        "@emotion/is-prop-valid": {
          "optional": true
        },
        "react": {
          "optional": true
        },
        "react-dom": {
          "optional": true
        }
      }
    },
    "node_modules/motion-dom": {
      "version": "12.23.21",
      "resolved": "https://registry.npmjs.org/motion-dom/-/motion-dom-12.23.21.tgz",
      "integrity": "sha512-5xDXx/AbhrfgsQmSE7YESMn4Dpo6x5/DTZ4Iyy4xqDvVHWvFVoV+V2Ri2S/ksx+D40wrZ7gPYiMWshkdoqNgNQ==",
      "license": "MIT",
      "dependencies": {
        "motion-utils": "^12.23.6"
      }
    },
    "node_modules/motion-utils": {
      "version": "12.23.6",
      "resolved": "https://registry.npmjs.org/motion-utils/-/motion-utils-12.23.6.tgz",
      "integrity": "sha512-eAWoPgr4eFEOFfg2WjIsMoqJTW6Z8MTUCgn/GZ3VRpClWBdnbjryiA3ZSNLyxCTmCQx4RmYX6jX1iWHbenUPNQ==",
      "license": "MIT"
    },
    "node_modules/rc-slider": {
      "version": "11.1.9",
      "resolved": "https://registry.npmjs.org/rc-slider/-/rc-slider-11.1.9.tgz",
      "integrity": "sha512-h8IknhzSh3FEM9u8ivkskh+Ef4Yo4JRIY2nj7MrH6GQmrwV6mcpJf5/4KgH5JaVI1H3E52yCdpOlVyGZIeph5A==",
      "license": "MIT",
      "dependencies": {
        "@babel/runtime": "^7.10.1",
        "classnames": "^2.2.5",
        "rc-util": "^5.36.0"
      },
      "engines": {
        "node": ">=8.x"
      },
      "peerDependencies": {
        "react": ">=16.9.0",
        "react-dom": ">=16.9.0"
      }
    },
    "node_modules/rc-util": {
      "version": "5.44.4",
      "resolved": "https://registry.npmjs.org/rc-util/-/rc-util-5.44.4.tgz",
      "integrity": "sha512-resueRJzmHG9Q6rI/DfK6Kdv9/Lfls05vzMs1Sk3M2P+3cJa+MakaZyWY8IPfehVuhPJFKrIY1IK4GqbiaiY5w==",
      "license": "MIT",
      "dependencies": {
        "@babel/runtime": "^7.18.3",
        "react-is": "^18.2.0"
      },
      "peerDependencies": {
        "react": ">=16.9.0",
        "react-dom": ">=16.9.0"
      }
    },
    "node_modules/react": {
      "version": "19.2.0",
      "resolved": "https://registry.npmjs.org/react/-/react-19.2.0.tgz",
      "integrity": "sha512-tmbWg6W31tQLeB5cdIBOicJDJRR2KzXsV7uSK9iNfLWQ5bIZfxuPEHp7M8wiHyHnn0DD1i7w3Zmin0FtkrwoCQ==",
      "license": "MIT",
      "engines": {
        "node": ">=0.10.0"
      }
    },
    "node_modules/react-day-picker": {
      "version": "9.11.0",
      "resolved": "https://registry.npmjs.org/react-day-picker/-/react-day-picker-9.11.0.tgz",
      "integrity": "sha512-L4FYOaPrr3+AEROeP6IG2mCORZZfxJDkJI2df8mv1jyPrNYeccgmFPZDaHyAuPCBCddQFozkxbikj2NhMEYfDQ==",
      "license": "MIT",
      "dependencies": {
        "@date-fns/tz": "^1.4.1",
        "date-fns": "^4.1.0",
        "date-fns-jalali": "^4.1.0-0"
      },
      "engines": {
        "node": ">=18"
      },
      "funding": {
        "type": "individual",
        "url": "https://github.com/sponsors/gpbl"
      },
      "peerDependencies": {
        "react": ">=16.8.0"
      }
    },
    "node_modules/react-dom": {
      "version": "19.2.0",
      "resolved": "https://registry.npmjs.org/react-dom/-/react-dom-19.2.0.tgz",
      "integrity": "sha512-UlbRu4cAiGaIewkPyiRGJk0imDN2T3JjieT6spoL2UeSf5od4n5LB/mQ4ejmxhCFT1tYe8IvaFulzynWovsEFQ==",
      "license": "MIT",
      "dependencies": {
        "scheduler": "^0.27.0"
      },
      "peerDependencies": {
        "react": "^19.2.0"
      }
    },
    "node_modules/react-is": {
      "version": "18.3.1",
      "resolved": "https://registry.npmjs.org/react-is/-/react-is-18.3.1.tgz",
      "integrity": "sha512-/LLMVyas0ljjAtoYiPqYiL8VWXzUUdThrmU5+n20DZv+a+ClRoevUzw5JxU+Ieh5/c87ytoTBV9G1FiKfNJdmg==",
      "license": "MIT"
    },
    "node_modules/scheduler": {
      "version": "0.27.0",
      "resolved": "https://registry.npmjs.org/scheduler/-/scheduler-0.27.0.tgz",
      "integrity": "sha512-eNv+WrVbKu1f3vbYJT/xtiF5syA5HPIMtf9IgY/nKg0sWqzAUEvqY/xm7OcZc/qafLx/iO9FgOmeSAp4v5ti/Q==",
      "license": "MIT"
    },
    "node_modules/tslib": {
      "version": "2.8.1",
      "resolved": "https://registry.npmjs.org/tslib/-/tslib-2.8.1.tgz",
      "integrity": "sha512-oJFu94HQb+KVduSUQL7wnpmqnfmLsOA/nAh6b6EH0wCEoK0/mPeXU6c3wKDV83MkOuHPRHtSXKKU99IBazS/2w==",
      "license": "0BSD"
    }
  }
}
